
Microsoft Visual Studio Solution File, Format Version 12.00
# Visual Studio Version 17
VisualStudioVersion = 17.5.33530.505
MinimumVisualStudioVersion = 10.0.40219.1
Project("{FAE04EC0-301F-11D3-BF4B-00C04F79EFBC}") = "LKSandbox", "LKSandbox\LKSandbox.csproj", "{229F4751-8C33-4BD8-9389-7DCF03B04A3A}"
EndProject
Global
	GlobalSection(SolutionConfigurationPlatforms) = preSolution
		Debug|Any CPU = Debug|Any CPU
		Release|Any CPU = Release|Any CPU
	EndGlobalSection
	GlobalSection(ProjectConfigurationPlatforms) = postSolution
		{229F4751-8C33-4BD8-9389-7DCF03B04A3A}.Debug|Any CPU.ActiveCfg = Debug|Any CPU
		{229F4751-8C33-4BD8-9389-7DCF03B04A3A}.Debug|Any CPU.Build.0 = Debug|Any CPU
		{229F4751-8C33-4BD8-9389-7DCF03B04A3A}.Release|Any CPU.ActiveCfg = Release|Any CPU
		{229F4751-8C33-4BD8-9389-7DCF03B04A3A}.Release|Any CPU.Build.0 = Release|Any CPU
	EndGlobalSection
	GlobalSection(SolutionProperties) = preSolution
		HideSolutionNode = FALSE
	EndGlobalSection
	GlobalSection(ExtensibilityGlobals) = postSolution
		SolutionGuid = {6E385743-269C-4B19-BD23-1EF33D8661E0}
	EndGlobalSection
EndGlobal
